// !$*UTF8*$!
{
	archiveVersion = 1;
	classes = {
	};
	objectVersion = 46;
	objects = {

/* Begin PBXBuildFile section */
		13B1EF6C1F153D4500948CC6 /* AppDelegate.swift in Sources */ = {isa = PBXBuildFile; fileRef = 13B1EF6B1F153D4500948CC6 /* AppDelegate.swift */; };
		13B1EF6E1F153D4500948CC6 /* ViewController.swift in Sources */ = {isa = PBXBuildFile; fileRef = 13B1EF6D1F153D4500948CC6 /* ViewController.swift */; };
		13B1EF711F153D4500948CC6 /* Main.storyboard in Resources */ = {isa = PBXBuildFile; fileRef = 13B1EF6F1F153D4500948CC6 /* Main.storyboard */; };
		13B1EF731F153D4500948CC6 /* Assets.xcassets in Resources */ = {isa = PBXBuildFile; fileRef = 13B1EF721F153D4500948CC6 /* Assets.xcassets */; };
		13B1EF761F153D4500948CC6 /* LaunchScreen.storyboard in Resources */ = {isa = PBXBuildFile; fileRef = 13B1EF741F153D4500948CC6 /* LaunchScreen.storyboard */; };
		13B1EF9C1F154E3400948CC6 /* GoogleService-Info.plist in Resources */ = {isa = PBXBuildFile; fileRef = 13B1EF9B1F154E3400948CC6 /* GoogleService-Info.plist */; };
		13B1EF9E1F15739900948CC6 /* SigninTableViewController.swift in Sources */ = {isa = PBXBuildFile; fileRef = 13B1EF9D1F15739900948CC6 /* SigninTableViewController.swift */; };
		13B1EFA01F157B7F00948CC6 /* AdSupport.framework in Frameworks */ = {isa = PBXBuildFile; fileRef = 13B1EF9F1F157B7F00948CC6 /* AdSupport.framework */; };
		4ED9F98AFCE36E775C029879 /* Pods_Mafia.framework in Frameworks */ = {isa = PBXBuildFile; fileRef = 3458A0A6AA67E9F35AF737F8 /* Pods_Mafia.framework */; };
/* End PBXBuildFile section */

/* Begin PBXFileReference section */
		13B1EF681F153D4500948CC6 /* Mafia.app */ = {isa = PBXFileReference; explicitFileType = wrapper.application; includeInIndex = 0; path = Mafia.app; sourceTree = BUILT_PRODUCTS_DIR; };
		13B1EF6B1F153D4500948CC6 /* AppDelegate.swift */ = {isa = PBXFileReference; lastKnownFileType = sourcecode.swift; path = AppDelegate.swift; sourceTree = "<group>"; };
		13B1EF6D1F153D4500948CC6 /* ViewController.swift */ = {isa = PBXFileReference; lastKnownFileType = sourcecode.swift; path = ViewController.swift; sourceTree = "<group>"; };
		13B1EF701F153D4500948CC6 /* Base */ = {isa = PBXFileReference; lastKnownFileType = file.storyboard; name = Base; path = Base.lproj/Main.storyboard; sourceTree = "<group>"; };
		13B1EF721F153D4500948CC6 /* Assets.xcassets */ = {isa = PBXFileReference; lastKnownFileType = folder.assetcatalog; path = Assets.xcassets; sourceTree = "<group>"; };
		13B1EF751F153D4500948CC6 /* Base */ = {isa = PBXFileReference; lastKnownFileType = file.storyboard; name = Base; path = Base.lproj/LaunchScreen.storyboard; sourceTree = "<group>"; };
		13B1EF771F153D4500948CC6 /* Info.plist */ = {isa = PBXFileReference; lastKnownFileType = text.plist.xml; path = Info.plist; sourceTree = "<group>"; };
		13B1EF9B1F154E3400948CC6 /* GoogleService-Info.plist */ = {isa = PBXFileReference; fileEncoding = 4; lastKnownFileType = text.plist.xml; path = "GoogleService-Info.plist"; sourceTree = "<group>"; };
		13B1EF9D1F15739900948CC6 /* SigninTableViewController.swift */ = {isa = PBXFileReference; fileEncoding = 4; lastKnownFileType = sourcecode.swift; path = SigninTableViewController.swift; sourceTree = "<group>"; };
		13B1EF9F1F157B7F00948CC6 /* AdSupport.framework */ = {isa = PBXFileReference; lastKnownFileType = wrapper.framework; name = AdSupport.framework; path = System/Library/Frameworks/AdSupport.framework; sourceTree = SDKROOT; };
		265FB5014CBBAB4B0EB48924 /* Pods-Mafia.debug.xcconfig */ = {isa = PBXFileReference; includeInIndex = 1; lastKnownFileType = text.xcconfig; name = "Pods-Mafia.debug.xcconfig"; path = "Pods/Target Support Files/Pods-Mafia/Pods-Mafia.debug.xcconfig"; sourceTree = "<group>"; };
		3458A0A6AA67E9F35AF737F8 /* Pods_Mafia.framework */ = {isa = PBXFileReference; explicitFileType = wrapper.framework; includeInIndex = 0; path = Pods_Mafia.framework; sourceTree = BUILT_PRODUCTS_DIR; };
		C9B2269057FBDD589C7E84F6 /* Pods-Mafia.release.xcconfig */ = {isa = PBXFileReference; includeInIndex = 1; lastKnownFileType = text.xcconfig; name = "Pods-Mafia.release.xcconfig"; path = "Pods/Target Support Files/Pods-Mafia/Pods-Mafia.release.xcconfig"; sourceTree = "<group>"; };
/* End PBXFileReference section */

/* Begin PBXFrameworksBuildPhase section */
		13B1EF651F153D4500948CC6 /* Frameworks */ = {
			isa = PBXFrameworksBuildPhase;
			buildActionMask = 2147483647;
			files = (
				13B1EFA01F157B7F00948CC6 /* AdSupport.framework in Frameworks */,
				4ED9F98AFCE36E775C029879 /* Pods_Mafia.framework in Frameworks */,
			);
			runOnlyForDeploymentPostprocessing = 0;
		};
/* End PBXFrameworksBuildPhase section */

/* Begin PBXGroup section */
		13B1EF5F1F153D4400948CC6 = {
			isa = PBXGroup;
			children = (
				13B1EF6A1F153D4500948CC6 /* Mafia */,
				13B1EF9B1F154E3400948CC6 /* GoogleService-Info.plist */,
				13B1EF691F153D4500948CC6 /* Products */,
				9BFEB83AC07C20EB2C92F438 /* Pods */,
				9EA5D2BFE34FC0DD377EE662 /* Frameworks */,
			);
			sourceTree = "<group>";
		};
		13B1EF691F153D4500948CC6 /* Products */ = {
			isa = PBXGroup;
			children = (
				13B1EF681F153D4500948CC6 /* Mafia.app */,
			);
			name = Products;
			sourceTree = "<group>";
		};
		13B1EF6A1F153D4500948CC6 /* Mafia */ = {
			isa = PBXGroup;
			children = (
				13B1EF6B1F153D4500948CC6 /* AppDelegate.swift */,
				13B1EF6D1F153D4500948CC6 /* ViewController.swift */,
				13B1EF6F1F153D4500948CC6 /* Main.storyboard */,
				13B1EF9D1F15739900948CC6 /* SigninTableViewController.swift */,
				13B1EF721F153D4500948CC6 /* Assets.xcassets */,
				13B1EF741F153D4500948CC6 /* LaunchScreen.storyboard */,
				13B1EF771F153D4500948CC6 /* Info.plist */,
			);
			path = Mafia;
			sourceTree = "<group>";
		};
		9BFEB83AC07C20EB2C92F438 /* Pods */ = {
			isa = PBXGroup;
			children = (
				265FB5014CBBAB4B0EB48924 /* Pods-Mafia.debug.xcconfig */,
				C9B2269057FBDD589C7E84F6 /* Pods-Mafia.release.xcconfig */,
			);
			name = Pods;
			sourceTree = "<group>";
		};
		9EA5D2BFE34FC0DD377EE662 /* Frameworks */ = {
			isa = PBXGroup;
			children = (
				13B1EF9F1F157B7F00948CC6 /* AdSupport.framework */,
				3458A0A6AA67E9F35AF737F8 /* Pods_Mafia.framework */,
			);
			name = Frameworks;
			sourceTree = "<group>";
		};
/* End PBXGroup section */

/* Begin PBXNativeTarget section */
		13B1EF671F153D4500948CC6 /* Mafia */ = {
			isa = PBXNativeTarget;
			buildConfigurationList = 13B1EF7A1F153D4500948CC6 /* Build configuration list for PBXNativeTarget "Mafia" */;
			buildPhases = (
				902EE5CFE43B5A43D6989599 /* [CP] Check Pods Manifest.lock */,
				13B1EF641F153D4500948CC6 /* Sources */,
				13B1EF651F153D4500948CC6 /* Frameworks */,
				13B1EF661F153D4500948CC6 /* Resources */,
				4ECBDF79E49EF325607D1D13 /* [CP] Embed Pods Frameworks */,
				85314197EBA3BA84EE14DBAE /* [CP] Copy Pods Resources */,
			);
			buildRules = (
			);
			dependencies = (
			);
			name = Mafia;
			productName = Mafia;
			productReference = 13B1EF681F153D4500948CC6 /* Mafia.app */;
			productType = "com.apple.product-type.application";
		};
/* End PBXNativeTarget section */

/* Begin PBXProject section */
		13B1EF601F153D4400948CC6 /* Project object */ = {
			isa = PBXProject;
			attributes = {
				LastSwiftUpdateCheck = 0830;
				LastUpgradeCheck = 0830;
				ORGANIZATIONNAME = "Yiqin Zhou";
				TargetAttributes = {
					13B1EF671F153D4500948CC6 = {
						CreatedOnToolsVersion = 8.3.3;
						ProvisioningStyle = Automatic;
					};
				};
			};
			buildConfigurationList = 13B1EF631F153D4400948CC6 /* Build configuration list for PBXProject "Mafia" */;
			compatibilityVersion = "Xcode 3.2";
			developmentRegion = English;
			hasScannedForEncodings = 0;
			knownRegions = (
				en,
				Base,
			);
			mainGroup = 13B1EF5F1F153D4400948CC6;
			productRefGroup = 13B1EF691F153D4500948CC6 /* Products */;
			projectDirPath = "";
			projectRoot = "";
			targets = (
				13B1EF671F153D4500948CC6 /* Mafia */,
			);
		};
/* End PBXProject section */

/* Begin PBXResourcesBuildPhase section */
		13B1EF661F153D4500948CC6 /* Resources */ = {
			isa = PBXResourcesBuildPhase;
			buildActionMask = 2147483647;
			files = (
				13B1EF761F153D4500948CC6 /* LaunchScreen.storyboard in Resources */,
				13B1EF9C1F154E3400948CC6 /* GoogleService-Info.plist in Resources */,
				13B1EF731F153D4500948CC6 /* Assets.xcassets in Resources */,
				13B1EF711F153D4500948CC6 /* Main.storyboard in Resources */,
			);
			runOnlyForDeploymentPostprocessing = 0;
		};
/* End PBXResourcesBuildPhase section */

/* Begin PBXShellScriptBuildPhase section */
		4ECBDF79E49EF325607D1D13 /* [CP] Embed Pods Frameworks */ = {
			isa = PBXShellScriptBuildPhase;
			buildActionMask = 2147483647;
			files = (
			);
			inputPaths = (
			);
			name = "[CP] Embed Pods Frameworks";
			outputPaths = (
			);
			runOnlyForDeploymentPostprocessing = 0;
			shellPath = /bin/sh;
			shellScript = "\"${SRCROOT}/Pods/Target Support Files/Pods-Mafia/Pods-Mafia-frameworks.sh\"\n";
			showEnvVarsInLog = 0;
		};
		85314197EBA3BA84EE14DBAE /* [CP] Copy Pods Resources */ = {
			isa = PBXShellScriptBuildPhase;
			buildActionMask = 2147483647;
			files = (
			);
			inputPaths = (
			);
			name = "[CP] Copy Pods Resources";
			outputPaths = (
			);
			runOnlyForDeploymentPostprocessing = 0;
			shellPath = /bin/sh;
			shellScript = "\"${SRCROOT}/Pods/Target Support Files/Pods-Mafia/Pods-Mafia-resources.sh\"\n";
			showEnvVarsInLog = 0;
		};
		902EE5CFE43B5A43D6989599 /* [CP] Check Pods Manifest.lock */ = {
			isa = PBXShellScriptBuildPhase;
			buildActionMask = 2147483647;
			files = (
			);
			inputPaths = (
			);
			name = "[CP] Check Pods Manifest.lock";
			outputPaths = (
			);
			runOnlyForDeploymentPostprocessing = 0;
			shellPath = /bin/sh;
			shellScript = "diff \"${PODS_PODFILE_DIR_PATH}/Podfile.lock\" \"${PODS_ROOT}/Manifest.lock\" > /dev/null\nif [ $? != 0 ] ; then\n    # print error to STDERR\n    echo \"error: The sandbox is not in sync with the Podfile.lock. Run 'pod install' or update your CocoaPods installation.\" >&2\n    exit 1\nfi\n";
			showEnvVarsInLog = 0;
		};
/* End PBXShellScriptBuildPhase section */

/* Begin PBXSourcesBuildPhase section */
		13B1EF641F153D4500948CC6 /* Sources */ = {
			isa = PBXSourcesBuildPhase;
			buildActionMask = 2147483647;
			files = (
				13B1EF6E1F153D4500948CC6 /* ViewController.swift in Sources */,
				13B1EF6C1F153D4500948CC6 /* AppDelegate.swift in Sources */,
				13B1EF9E1F15739900948CC6 /* SigninTableViewController.swift in Sources */,
			);
			runOnlyForDeploymentPostprocessing = 0;
		};
/* End PBXSourcesBuildPhase section */

/* Begin PBXVariantGroup section */
		13B1EF6F1F153D4500948CC6 /* Main.storyboard */ = {
			isa = PBXVariantGroup;
			children = (
				13B1EF701F153D4500948CC6 /* Base */,
			);
			name = Main.storyboard;
			sourceTree = "<group>";
		};
		13B1EF741F153D4500948CC6 /* LaunchScreen.storyboard */ = {
			isa = PBXVariantGroup;
			children = (
				13B1EF751F153D4500948CC6 /* Base */,
			);
			name = LaunchScreen.storyboard;
			sourceTree = "<group>";
		};
/* End PBXVariantGroup section */

/* Begin XCBuildConfiguration section */
		13B1EF781F153D4500948CC6 /* Debug */ = {
			isa = XCBuildConfiguration;
			buildSettings = {
				ALWAYS_SEARCH_USER_PATHS = NO;
				CLANG_ANALYZER_NONNULL = YES;
				CLANG_ANALYZER_NUMBER_OBJECT_CONVERSION = YES_AGGRESSIVE;
				CLANG_CXX_LANGUAGE_STANDARD = "gnu++0x";
				CLANG_CXX_LIBRARY = "libc++";
				CLANG_ENABLE_MODULES = YES;
				CLANG_ENABLE_OBJC_ARC = YES;
				CLANG_WARN_BOOL_CONVERSION = YES;
				CLANG_WARN_CONSTANT_CONVERSION = YES;
				CLANG_WARN_DIRECT_OBJC_ISA_USAGE = YES_ERROR;
				CLANG_WARN_DOCUMENTATION_COMMENTS = YES;
				CLANG_WARN_EMPTY_BODY = YES;
				CLANG_WARN_ENUM_CONVERSION = YES;
				CLANG_WARN_INFINITE_RECURSION = YES;
				CLANG_WARN_INT_CONVERSION = YES;
				CLANG_WARN_OBJC_ROOT_CLASS = YES_ERROR;
				CLANG_WARN_SUSPICIOUS_MOVE = YES;
				CLANG_WARN_UNREACHABLE_CODE = YES;
				CLANG_WARN__DUPLICATE_METHOD_MATCH = YES;
				"CODE_SIGN_IDENTITY[sdk=iphoneos*]" = "iPhone Developer";
				COPY_PHASE_STRIP = NO;
				DEBUG_INFORMATION_FORMAT = dwarf;
				ENABLE_STRICT_OBJC_MSGSEND = YES;
				ENABLE_TESTABILITY = YES;
				GCC_C_LANGUAGE_STANDARD = gnu99;
				GCC_DYNAMIC_NO_PIC = NO;
				GCC_NO_COMMON_BLOCKS = YES;
				GCC_OPTIMIZATION_LEVEL = 0;
				GCC_PREPROCESSOR_DEFINITIONS = (
					"DEBUG=1",
					"$(inherited)",
				);
				GCC_WARN_64_TO_32_BIT_CONVERSION = YES;
				GCC_WARN_ABOUT_RETURN_TYPE = YES_ERROR;
				GCC_WARN_UNDECLARED_SELECTOR = YES;
				GCC_WARN_UNINITIALIZED_AUTOS = YES_AGGRESSIVE;
				GCC_WARN_UNUSED_FUNCTION = YES;
				GCC_WARN_UNUSED_VARIABLE = YES;
				IPHONEOS_DEPLOYMENT_TARGET = 10.3;
				MTL_ENABLE_DEBUG_INFO = YES;
				ONLY_ACTIVE_ARCH = YES;
				SDKROOT = iphoneos;
				SWIFT_ACTIVE_COMPILATION_CONDITIONS = DEBUG;
				SWIFT_OPTIMIZATION_LEVEL = "-Onone";
				TARGETED_DEVICE_FAMILY = "1,2";
			};
			name = Debug;
		};
		13B1EF791F153D4500948CC6 /* Release */ = {
			isa = XCBuildConfiguration;
			buildSettings = {
				ALWAYS_SEARCH_USER_PATHS = NO;
				CLANG_ANALYZER_NONNULL = YES;
				CLANG_ANALYZER_NUMBER_OBJECT_CONVERSION = YES_AGGRESSIVE;
				CLANG_CXX_LANGUAGE_STANDARD = "gnu++0x";
				CLANG_CXX_LIBRARY = "libc++";
				CLANG_ENABLE_MODULES = YES;
				CLANG_ENABLE_OBJC_ARC = YES;
				CLANG_WARN_BOOL_CONVERSION = YES;
				CLANG_WARN_CONSTANT_CONVERSION = YES;
				CLANG_WARN_DIRECT_OBJC_ISA_USAGE = YES_ERROR;
				CLANG_WARN_DOCUMENTATION_COMMENTS = YES;
				CLANG_WARN_EMPTY_BODY = YES;
				CLANG_WARN_ENUM_CONVERSION = YES;
				CLANG_WARN_INFINITE_RECURSION = YES;
				CLANG_WARN_INT_CONVERSION = YES;
				CLANG_WARN_OBJC_ROOT_CLASS = YES_ERROR;
				CLANG_WARN_SUSPICIOUS_MOVE = YES;
				CLANG_WARN_UNREACHABLE_CODE = YES;
				CLANG_WARN__DUPLICATE_METHOD_MATCH = YES;
				"CODE_SIGN_IDENTITY[sdk=iphoneos*]" = "iPhone Developer";
				COPY_PHASE_STRIP = NO;
				DEBUG_INFORMATION_FORMAT = "dwarf-with-dsym";
				ENABLE_NS_ASSERTIONS = NO;
				ENABLE_STRICT_OBJC_MSGSEND = YES;
				GCC_C_LANGUAGE_STANDARD = gnu99;
				GCC_NO_COMMON_BLOCKS = YES;
				GCC_WARN_64_TO_32_BIT_CONVERSION = YES;
				GCC_WARN_ABOUT_RETURN_TYPE = YES_ERROR;
				GCC_WARN_UNDECLARED_SELECTOR = YES;
				GCC_WARN_UNINITIALIZED_AUTOS = YES_AGGRESSIVE;
				GCC_WARN_UNUSED_FUNCTION = YES;
				GCC_WARN_UNUSED_VARIABLE = YES;
				IPHONEOS_DEPLOYMENT_TARGET = 10.3;
				MTL_ENABLE_DEBUG_INFO = NO;
				SDKROOT = iphoneos;
				SWIFT_OPTIMIZATION_LEVEL = "-Owholemodule";
				TARGETED_DEVICE_FAMILY = "1,2";
				VALIDATE_PRODUCT = YES;
			};
			name = Release;
		};
		13B1EF7B1F153D4500948CC6 /* Debug */ = {
			isa = XCBuildConfiguration;
			baseConfigurationReference = 265FB5014CBBAB4B0EB48924 /* Pods-Mafia.debug.xcconfig */;
			buildSettings = {
				ASSETCATALOG_COMPILER_APPICON_NAME = AppIcon;
				INFOPLIST_FILE = Mafia/Info.plist;
				LD_RUNPATH_SEARCH_PATHS = "$(inherited) @executable_path/Frameworks";
				PRODUCT_BUNDLE_IDENTIFIER = "Yiqin-Zhou.Mafia";
				PRODUCT_NAME = "$(TARGET_NAME)";
				SWIFT_VERSION = 3.0;
			};
			name = Debug;
		};
		13B1EF7C1F153D4500948CC6 /* Release */ = {
			isa = XCBuildConfiguration;
			baseConfigurationReference = C9B2269057FBDD589C7E84F6 /* Pods-Mafia.release.xcconfig */;
			buildSettings = {
				ASSETCATALOG_COMPILER_APPICON_NAME = AppIcon;
				INFOPLIST_FILE = Mafia/Info.plist;
				LD_RUNPATH_SEARCH_PATHS = "$(inherited) @executable_path/Frameworks";
				PRODUCT_BUNDLE_IDENTIFIER = "Yiqin-Zhou.Mafia";
				PRODUCT_NAME = "$(TARGET_NAME)";
				SWIFT_VERSION = 3.0;
			};
			name = Release;
		};
/* End XCBuildConfiguration section */

/* Begin XCConfigurationList section */
		13B1EF631F153D4400948CC6 /* Build configuration list for PBXProject "Mafia" */ = {
			isa = XCConfigurationList;
			buildConfigurations = (
				13B1EF781F153D4500948CC6 /* Debug */,
				13B1EF791F153D4500948CC6 /* Release */,
			);
			defaultConfigurationIsVisible = 0;
			defaultConfigurationName = Release;
		};
		13B1EF7A1F153D4500948CC6 /* Build configuration list for PBXNativeTarget "Mafia" */ = {
			isa = XCConfigurationList;
			buildConfigurations = (
				13B1EF7B1F153D4500948CC6 /* Debug */,
				13B1EF7C1F153D4500948CC6 /* Release */,
			);
			defaultConfigurationIsVisible = 0;
			defaultConfigurationName = Release;
		};
/* End XCConfigurationList section */
	};
	rootObject = 13B1EF601F153D4400948CC6 /* Project object */;
}
